dependencies:
- name: kyverno
  repository: https://kyverno.github.io/kyverno/
  version: 3.8.1
- name: policy-reporter
  repository: https://kyverno.github.io/policy-reporter/
  version: 3.7.4
digest: sha256:ed77f65dbefcfd0ca097d64e7656c4717455d4acb0d4bc2cfa8f967c6ddd5e3d
generated: "2026-06-28T18:55:05.615508894-07:00"
